// !$*UTF8*$!
{
	archiveVersion = 1;
	classes = {
	};
	objectVersion = 46;
	objects = {

/* Begin PBXBuildFile section */
		EBA7FCE11AD409E400BD49B0 /* AppDelegate.swift in Sources */ = {isa = PBXBuildFile; fileRef = EBA7FCE01AD409E400BD49B0 /* AppDelegate.swift */; };
		EBA7FCE31AD409E400BD49B0 /* ViewController.swift in Sources */ = {isa = PBXBuildFile; fileRef = EBA7FCE21AD409E400BD49B0 /* ViewController.swift */; };
		EBA7FCE61AD409E400BD49B0 /* Main.storyboard in Resources */ = {isa = PBXBuildFile; fileRef = EBA7FCE41AD409E400BD49B0 /* Main.storyboard */; };
		EBA7FCE81AD409E400BD49B0 /* Images.xcassets in Resources */ = {isa = PBXBuildFile; fileRef = EBA7FCE71AD409E400BD49B0 /* Images.xcassets */; };
		EBA7FCEB1AD409E400BD49B0 /* LaunchScreen.xib in Resources */ = {isa = PBXBuildFile; fileRef = EBA7FCE91AD409E400BD49B0 /* LaunchScreen.xib */; };
		EBA7FCF71AD409E400BD49B0 /* Pitch_PerfectTests.swift in Sources */ = {isa = PBXBuildFile; fileRef = EBA7FCF61AD409E400BD49B0 /* Pitch_PerfectTests.swift */; };
/* End PBXBuildFile section */

/* Begin PBXContainerItemProxy section */
		EBA7FCF11AD409E400BD49B0 /* PBXContainerItemProxy */ = {
			isa = PBXContainerItemProxy;
			containerPortal = EBA7FCD31AD409E400BD49B0 /* Project object */;
			proxyType = 1;
			remoteGlobalIDString = EBA7FCDA1AD409E400BD49B0;
			remoteInfo = "Pitch Perfect";
		};
/* End PBXContainerItemProxy section */

/* Begin PBXFileReference section */
		EBA7FCDB1AD409E400BD49B0 /* Pitch Perfect.app */ = {isa = PBXFileReference; explicitFileType = wrapper.application; includeInIndex = 0; path = "Pitch Perfect.app"; sourceTree = BUILT_PRODUCTS_DIR; };
		EBA7FCDF1AD409E400BD49B0 /* Info.plist */ = {isa = PBXFileReference; lastKnownFileType = text.plist.xml; path = Info.plist; sourceTree = "<group>"; };
		EBA7FCE01AD409E400BD49B0 /* AppDelegate.swift */ = {isa = PBXFileReference; lastKnownFileType = sourcecode.swift; path = AppDelegate.swift; sourceTree = "<group>"; };
		EBA7FCE21AD409E400BD49B0 /* ViewController.swift */ = {isa = PBXFileReference; lastKnownFileType = sourcecode.swift; path = ViewController.swift; sourceTree = "<group>"; };
		EBA7FCE51AD409E400BD49B0 /* Base */ = {isa = PBXFileReference; lastKnownFileType = file.storyboard; name = Base; path = Base.lproj/Main.storyboard; sourceTree = "<group>"; };
		EBA7FCE71AD409E400BD49B0 /* Images.xcassets */ = {isa = PBXFileReference; lastKnownFileType = folder.assetcatalog; path = Images.xcassets; sourceTree = "<group>"; };
		EBA7FCEA1AD409E400BD49B0 /* Base */ = {isa = PBXFileReference; lastKnownFileType = file.xib; name = Base; path = Base.lproj/LaunchScreen.xib; sourceTree = "<group>"; };
		EBA7FCF01AD409E400BD49B0 /* Pitch PerfectTests.xctest */ = {isa = PBXFileReference; explicitFileType = wrapper.cfbundle; includeInIndex = 0; path = "Pitch PerfectTests.xctest"; sourceTree = BUILT_PRODUCTS_DIR; };
		EBA7FCF51AD409E400BD49B0 /* Info.plist */ = {isa = PBXFileReference; lastKnownFileType = text.plist.xml; path = Info.plist; sourceTree = "<group>"; };
		EBA7FCF61AD409E400BD49B0 /* Pitch_PerfectTests.swift */ = {isa = PBXFileReference; lastKnownFileType = sourcecode.swift; path = Pitch_PerfectTests.swift; sourceTree = "<group>"; };
/* End PBXFileReference section */

/* Begin PBXFrameworksBuildPhase section */
		EBA7FCD81AD409E400BD49B0 /* Frameworks */ = {
			isa = PBXFrameworksBuildPhase;
			buildActionMask = 2147483647;
			files = (
			);
			runOnlyForDeploymentPostprocessing = 0;
		};
		EBA7FCED1AD409E400BD49B0 /* Frameworks */ = {
			isa = PBXFrameworksBuildPhase;
			buildActionMask = 2147483647;
			files = (
			);
			runOnlyForDeploymentPostprocessing = 0;
		};
/* End PBXFrameworksBuildPhase section */

/* Begin PBXGroup section */
		EBA7FCD21AD409E400BD49B0 = {
			isa = PBXGroup;
			children = (
				EBA7FCDD1AD409E400BD49B0 /* Pitch Perfect */,
				EBA7FCF31AD409E400BD49B0 /* Pitch PerfectTests */,
				EBA7FCDC1AD409E400BD49B0 /* Products */,
			);
			sourceTree = "<group>";
		};
		EBA7FCDC1AD409E400BD49B0 /* Products */ = {
			isa = PBXGroup;
			children = (
				EBA7FCDB1AD409E400BD49B0 /* Pitch Perfect.app */,
				EBA7FCF01AD409E400BD49B0 /* Pitch PerfectTests.xctest */,
			);
			name = Products;
			sourceTree = "<group>";
		};
		EBA7FCDD1AD409E400BD49B0 /* Pitch Perfect */ = {
			isa = PBXGroup;
			children = (
				EBA7FCE01AD409E400BD49B0 /* AppDelegate.swift */,
				EBA7FCE21AD409E400BD49B0 /* ViewController.swift */,
				EBA7FCE41AD409E400BD49B0 /* Main.storyboard */,
				EBA7FCE71AD409E400BD49B0 /* Images.xcassets */,
				EBA7FCE91AD409E400BD49B0 /* LaunchScreen.xib */,
				EBA7FCDE1AD409E400BD49B0 /* Supporting Files */,
			);
			path = "Pitch Perfect";
			sourceTree = "<group>";
		};
		EBA7FCDE1AD409E400BD49B0 /* Supporting Files */ = {
			isa = PBXGroup;
			children = (
				EBA7FCDF1AD409E400BD49B0 /* Info.plist */,
			);
			name = "Supporting Files";
			sourceTree = "<group>";
		};
		EBA7FCF31AD409E400BD49B0 /* Pitch PerfectTests */ = {
			isa = PBXGroup;
			children = (
				EBA7FCF61AD409E400BD49B0 /* Pitch_PerfectTests.swift */,
				EBA7FCF41AD409E400BD49B0 /* Supporting Files */,
			);
			path = "Pitch PerfectTests";
			sourceTree = "<group>";
		};
		EBA7FCF41AD409E400BD49B0 /* Supporting Files */ = {
			isa = PBXGroup;
			children = (
				EBA7FCF51AD409E400BD49B0 /* Info.plist */,
			);
			name = "Supporting Files";
			sourceTree = "<group>";
		};
/* End PBXGroup section */

/* Begin PBXNativeTarget section */
		EBA7FCDA1AD409E400BD49B0 /* Pitch Perfect */ = {
			isa = PBXNativeTarget;
			buildConfigurationList = EBA7FCFA1AD409E400BD49B0 /* Build configuration list for PBXNativeTarget "Pitch Perfect" */;
			buildPhases = (
				EBA7FCD71AD409E400BD49B0 /* Sources */,
				EBA7FCD81AD409E400BD49B0 /* Frameworks */,
				EBA7FCD91AD409E400BD49B0 /* Resources */,
			);
			buildRules = (
			);
			dependencies = (
			);
			name = "Pitch Perfect";
			productName = "Pitch Perfect";
			productReference = EBA7FCDB1AD409E400BD49B0 /* Pitch Perfect.app */;
			productType = "com.apple.product-type.application";
		};
		EBA7FCEF1AD409E400BD49B0 /* Pitch PerfectTests */ = {
			isa = PBXNativeTarget;
			buildConfigurationList = EBA7FCFD1AD409E400BD49B0 /* Build configuration list for PBXNativeTarget "Pitch PerfectTests" */;
			buildPhases = (
				EBA7FCEC1AD409E400BD49B0 /* Sources */,
				EBA7FCED1AD409E400BD49B0 /* Frameworks */,
				EBA7FCEE1AD409E400BD49B0 /* Resources */,
			);
			buildRules = (
			);
			dependencies = (
				EBA7FCF21AD409E400BD49B0 /* PBXTargetDependency */,
			);
			name = "Pitch PerfectTests";
			productName = "Pitch PerfectTests";
			productReference = EBA7FCF01AD409E400BD49B0 /* Pitch PerfectTests.xctest */;
			productType = "com.apple.product-type.bundle.unit-test";
		};
/* End PBXNativeTarget section */

/* Begin PBXProject section */
		EBA7FCD31AD409E400BD49B0 /* Project object */ = {
			isa = PBXProject;
			attributes = {
				LastUpgradeCheck = 0620;
				ORGANIZATIONNAME = UXperience;
				TargetAttributes = {
					EBA7FCDA1AD409E400BD49B0 = {
						CreatedOnToolsVersion = 6.2;
					};
					EBA7FCEF1AD409E400BD49B0 = {
						CreatedOnToolsVersion = 6.2;
						TestTargetID = EBA7FCDA1AD409E400BD49B0;
					};
				};
			};
			buildConfigurationList = EBA7FCD61AD409E400BD49B0 /* Build configuration list for PBXProject "Pitch Perfect" */;
			compatibilityVersion = "Xcode 3.2";
			developmentRegion = English;
			hasScannedForEncodings = 0;
			knownRegions = (
				en,
				Base,
			);
			mainGroup = EBA7FCD21AD409E400BD49B0;
			productRefGroup = EBA7FCDC1AD409E400BD49B0 /* Products */;
			projectDirPath = "";
			projectRoot = "";
			targets = (
				EBA7FCDA1AD409E400BD49B0 /* Pitch Perfect */,
				EBA7FCEF1AD409E400BD49B0 /* Pitch PerfectTests */,
			);
		};
/* End PBXProject section */

/* Begin PBXResourcesBuildPhase section */
		EBA7FCD91AD409E400BD49B0 /* Resources */ = {
			isa = PBXResourcesBuildPhase;
			buildActionMask = 2147483647;
			files = (
				EBA7FCE61AD409E400BD49B0 /* Main.storyboard in Resources */,
				EBA7FCEB1AD409E400BD49B0 /* LaunchScreen.xib in Resources */,
				EBA7FCE81AD409E400BD49B0 /* Images.xcassets in Resources */,
			);
			runOnlyForDeploymentPostprocessing = 0;
		};
		EBA7FCEE1AD409E400BD49B0 /* Resources */ = {
			isa = PBXResourcesBuildPhase;
			buildActionMask = 2147483647;
			files = (
			);
			runOnlyForDeploymentPostprocessing = 0;
		};
/* End PBXResourcesBuildPhase section */

/* Begin PBXSourcesBuildPhase section */
		EBA7FCD71AD409E400BD49B0 /* Sources */ = {
			isa = PBXSourcesBuildPhase;
			buildActionMask = 2147483647;
			files = (
				EBA7FCE31AD409E400BD49B0 /* ViewController.swift in Sources */,
				EBA7FCE11AD409E400BD49B0 /* AppDelegate.swift in Sources */,
			);
			runOnlyForDeploymentPostprocessing = 0;
		};
		EBA7FCEC1AD409E400BD49B0 /* Sources */ = {
			isa = PBXSourcesBuildPhase;
			buildActionMask = 2147483647;
			files = (
				EBA7FCF71AD409E400BD49B0 /* Pitch_PerfectTests.swift in Sources */,
			);
			runOnlyForDeploymentPostprocessing = 0;
		};
/* End PBXSourcesBuildPhase section */

/* Begin PBXTargetDependency section */
		EBA7FCF21AD409E400BD49B0 /* PBXTargetDependency */ = {
			isa = PBXTargetDependency;
			target = EBA7FCDA1AD409E400BD49B0 /* Pitch Perfect */;
			targetProxy = EBA7FCF11AD409E400BD49B0 /* PBXContainerItemProxy */;
		};
/* End PBXTargetDependency section */

/* Begin PBXVariantGroup section */
		EBA7FCE41AD409E400BD49B0 /* Main.storyboard */ = {
			isa = PBXVariantGroup;
			children = (
				EBA7FCE51AD409E400BD49B0 /* Base */,
			);
			name = Main.storyboard;
			sourceTree = "<group>";
		};
		EBA7FCE91AD409E400BD49B0 /* LaunchScreen.xib */ = {
			isa = PBXVariantGroup;
			children = (
				EBA7FCEA1AD409E400BD49B0 /* Base */,
			);
			name = LaunchScreen.xib;
			sourceTree = "<group>";
		};
/* End PBXVariantGroup section */

/* Begin XCBuildConfiguration section */
		EBA7FCF81AD409E400BD49B0 /* Debug */ = {
			isa = XCBuildConfiguration;
			buildSettings = {
				ALWAYS_SEARCH_USER_PATHS = NO;
				CLANG_CXX_LANGUAGE_STANDARD = "gnu++0x";
				CLANG_CXX_LIBRARY = "libc++";
				CLANG_ENABLE_MODULES = YES;
				CLANG_ENABLE_OBJC_ARC = YES;
				CLANG_WARN_BOOL_CONVERSION = YES;
				CLANG_WARN_CONSTANT_CONVERSION = YES;
				CLANG_WARN_DIRECT_OBJC_ISA_USAGE = YES_ERROR;
				CLANG_WARN_EMPTY_BODY = YES;
				CLANG_WARN_ENUM_CONVERSION = YES;
				CLANG_WARN_INT_CONVERSION = YES;
				CLANG_WARN_OBJC_ROOT_CLASS = YES_ERROR;
				CLANG_WARN_UNREACHABLE_CODE = YES;
				CLANG_WARN__DUPLICATE_METHOD_MATCH = YES;
				"CODE_SIGN_IDENTITY[sdk=iphoneos*]" = "iPhone Developer";
				COPY_PHASE_STRIP = NO;
				ENABLE_STRICT_OBJC_MSGSEND = YES;
				GCC_C_LANGUAGE_STANDARD = gnu99;
				GCC_DYNAMIC_NO_PIC = NO;
				GCC_OPTIMIZATION_LEVEL = 0;
				GCC_PREPROCESSOR_DEFINITIONS = (
					"DEBUG=1",
					"$(inherited)",
				);
				GCC_SYMBOLS_PRIVATE_EXTERN = NO;
				GCC_WARN_64_TO_32_BIT_CONVERSION = YES;
				GCC_WARN_ABOUT_RETURN_TYPE = YES_ERROR;
				GCC_WARN_UNDECLARED_SELECTOR = YES;
				GCC_WARN_UNINITIALIZED_AUTOS = YES_AGGRESSIVE;
				GCC_WARN_UNUSED_FUNCTION = YES;
				GCC_WARN_UNUSED_VARIABLE = YES;
				IPHONEOS_DEPLOYMENT_TARGET = 8.2;
				MTL_ENABLE_DEBUG_INFO = YES;
				ONLY_ACTIVE_ARCH = YES;
				SDKROOT = iphoneos;
				SWIFT_OPTIMIZATION_LEVEL = "-Onone";
			};
			name = Debug;
		};
		EBA7FCF91AD409E400BD49B0 /* Release */ = {
			isa = XCBuildConfiguration;
			buildSettings = {
				ALWAYS_SEARCH_USER_PATHS = NO;
				CLANG_CXX_LANGUAGE_STANDARD = "gnu++0x";
				CLANG_CXX_LIBRARY = "libc++";
				CLANG_ENABLE_MODULES = YES;
				CLANG_ENABLE_OBJC_ARC = YES;
				CLANG_WARN_BOOL_CONVERSION = YES;
				CLANG_WARN_CONSTANT_CONVERSION = YES;
				CLANG_WARN_DIRECT_OBJC_ISA_USAGE = YES_ERROR;
				CLANG_WARN_EMPTY_BODY = YES;
				CLANG_WARN_ENUM_CONVERSION = YES;
				CLANG_WARN_INT_CONVERSION = YES;
				CLANG_WARN_OBJC_ROOT_CLASS = YES_ERROR;
				CLANG_WARN_UNREACHABLE_CODE = YES;
				CLANG_WARN__DUPLICATE_METHOD_MATCH = YES;
				"CODE_SIGN_IDENTITY[sdk=iphoneos*]" = "iPhone Developer";
				COPY_PHASE_STRIP = NO;
				ENABLE_NS_ASSERTIONS = NO;
				ENABLE_STRICT_OBJC_MSGSEND = YES;
				GCC_C_LANGUAGE_STANDARD = gnu99;
				GCC_WARN_64_TO_32_BIT_CONVERSION = YES;
				GCC_WARN_ABOUT_RETURN_TYPE = YES_ERROR;
				GCC_WARN_UNDECLARED_SELECTOR = YES;
				GCC_WARN_UNINITIALIZED_AUTOS = YES_AGGRESSIVE;
				GCC_WARN_UNUSED_FUNCTION = YES;
				GCC_WARN_UNUSED_VARIABLE = YES;
				IPHONEOS_DEPLOYMENT_TARGET = 8.2;
				MTL_ENABLE_DEBUG_INFO = NO;
				SDKROOT = iphoneos;
				VALIDATE_PRODUCT = YES;
			};
			name = Release;
		};
		EBA7FCFB1AD409E400BD49B0 /* Debug */ = {
			isa = XCBuildConfiguration;
			buildSettings = {
				ASSETCATALOG_COMPILER_APPICON_NAME = AppIcon;
				INFOPLIST_FILE = "Pitch Perfect/Info.plist";
				LD_RUNPATH_SEARCH_PATHS = "$(inherited) @executable_path/Frameworks";
				PRODUCT_NAME = "$(TARGET_NAME)";
			};
			name = Debug;
		};
		EBA7FCFC1AD409E400BD49B0 /* Release */ = {
			isa = XCBuildConfiguration;
			buildSettings = {
				ASSETCATALOG_COMPILER_APPICON_NAME = AppIcon;
				INFOPLIST_FILE = "Pitch Perfect/Info.plist";
				LD_RUNPATH_SEARCH_PATHS = "$(inherited) @executable_path/Frameworks";
				PRODUCT_NAME = "$(TARGET_NAME)";
			};
			name = Release;
		};
		EBA7FCFE1AD409E400BD49B0 /* Debug */ = {
			isa = XCBuildConfiguration;
			buildSettings = {
				BUNDLE_LOADER = "$(TEST_HOST)";
				FRAMEWORK_SEARCH_PATHS = (
					"$(SDKROOT)/Developer/Library/Frameworks",
					"$(inherited)",
				);
				GCC_PREPROCESSOR_DEFINITIONS = (
					"DEBUG=1",
					"$(inherited)",
				);
				INFOPLIST_FILE = "Pitch PerfectTests/Info.plist";
				LD_RUNPATH_SEARCH_PATHS = "$(inherited) @executable_path/Frameworks @loader_path/Frameworks";
				PRODUCT_NAME = "$(TARGET_NAME)";
				TEST_HOST = "$(BUILT_PRODUCTS_DIR)/Pitch Perfect.app/Pitch Perfect";
			};
			name = Debug;
		};
		EBA7FCFF1AD409E400BD49B0 /* Release */ = {
			isa = XCBuildConfiguration;
			buildSettings = {
				BUNDLE_LOADER = "$(TEST_HOST)";
				FRAMEWORK_SEARCH_PATHS = (
					"$(SDKROOT)/Developer/Library/Frameworks",
					"$(inherited)",
				);
				INFOPLIST_FILE = "Pitch PerfectTests/Info.plist";
				LD_RUNPATH_SEARCH_PATHS = "$(inherited) @executable_path/Frameworks @loader_path/Frameworks";
				PRODUCT_NAME = "$(TARGET_NAME)";
				TEST_HOST = "$(BUILT_PRODUCTS_DIR)/Pitch Perfect.app/Pitch Perfect";
			};
			name = Release;
		};
/* End XCBuildConfiguration section */

/* Begin XCConfigurationList section */
		EBA7FCD61AD409E400BD49B0 /* Build configuration list for PBXProject "Pitch Perfect" */ = {
			isa = XCConfigurationList;
			buildConfigurations = (
				EBA7FCF81AD409E400BD49B0 /* Debug */,
				EBA7FCF91AD409E400BD49B0 /* Release */,
			);
			defaultConfigurationIsVisible = 0;
			defaultConfigurationName = Release;
		};
		EBA7FCFA1AD409E400BD49B0 /* Build configuration list for PBXNativeTarget "Pitch Perfect" */ = {
			isa = XCConfigurationList;
			buildConfigurations = (
				EBA7FCFB1AD409E400BD49B0 /* Debug */,
				EBA7FCFC1AD409E400BD49B0 /* Release */,
			);
			defaultConfigurationIsVisible = 0;
		};
		EBA7FCFD1AD409E400BD49B0 /* Build configuration list for PBXNativeTarget "Pitch PerfectTests" */ = {
			isa = XCConfigurationList;
			buildConfigurations = (
				EBA7FCFE1AD409E400BD49B0 /* Debug */,
				EBA7FCFF1AD409E400BD49B0 /* Release */,
			);
			defaultConfigurationIsVisible = 0;
		};
/* End XCConfigurationList section */
	};
	rootObject = EBA7FCD31AD409E400BD49B0 /* Project object */;
}
